// !$*UTF8*$!
{
	archiveVersion = 1;
	classes = {
	};
	objectVersion = 56;
	objects = {

/* Begin PBXBuildFile section */
		7F94EEBD2B5E2AA200B880CD /* GettingTCAApp.swift in Sources */ = {isa = PBXBuildFile; fileRef = 7F94EEBC2B5E2AA200B880CD /* GettingTCAApp.swift */; };
		7F94EEBF2B5E2AA200B880CD /* ContentView.swift in Sources */ = {isa = PBXBuildFile; fileRef = 7F94EEBE2B5E2AA200B880CD /* ContentView.swift */; };
		7F94EEC12B5E2AA300B880CD /* Assets.xcassets in Resources */ = {isa = PBXBuildFile; fileRef = 7F94EEC02B5E2AA300B880CD /* Assets.xcassets */; };
		7F94EEC42B5E2AA300B880CD /* Preview Assets.xcassets in Resources */ = {isa = PBXBuildFile; fileRef = 7F94EEC32B5E2AA300B880CD /* Preview Assets.xcassets */; };
		7F94EECE2B5E2AA300B880CD /* GettingTCATests.swift in Sources */ = {isa = PBXBuildFile; fileRef = 7F94EECD2B5E2AA300B880CD /* GettingTCATests.swift */; };
		7F94EED82B5E2AA300B880CD /* GettingTCAUITests.swift in Sources */ = {isa = PBXBuildFile; fileRef = 7F94EED72B5E2AA300B880CD /* GettingTCAUITests.swift */; };
		7F94EEDA2B5E2AA300B880CD /* GettingTCAUITestsLaunchTests.swift in Sources */ = {isa = PBXBuildFile; fileRef = 7F94EED92B5E2AA300B880CD /* GettingTCAUITestsLaunchTests.swift */; };
/* End PBXBuildFile section */

/* Begin PBXContainerItemProxy section */
		7F94EECA2B5E2AA300B880CD /* PBXContainerItemProxy */ = {
			isa = PBXContainerItemProxy;
			containerPortal = 7F94EEB12B5E2AA200B880CD /* Project object */;
			proxyType = 1;
			remoteGlobalIDString = 7F94EEB82B5E2AA200B880CD;
			remoteInfo = GettingTCA;
		};
		7F94EED42B5E2AA300B880CD /* PBXContainerItemProxy */ = {
			isa = PBXContainerItemProxy;
			containerPortal = 7F94EEB12B5E2AA200B880CD /* Project object */;
			proxyType = 1;
			remoteGlobalIDString = 7F94EEB82B5E2AA200B880CD;
			remoteInfo = GettingTCA;
		};
/* End PBXContainerItemProxy section */

/* Begin PBXFileReference section */
		7F94EEB92B5E2AA200B880CD /* GettingTCA.app */ = {isa = PBXFileReference; explicitFileType = wrapper.application; includeInIndex = 0; path = GettingTCA.app; sourceTree = BUILT_PRODUCTS_DIR; };
		7F94EEBC2B5E2AA200B880CD /* GettingTCAApp.swift */ = {isa = PBXFileReference; lastKnownFileType = sourcecode.swift; path = GettingTCAApp.swift; sourceTree = "<group>"; };
		7F94EEBE2B5E2AA200B880CD /* ContentView.swift */ = {isa = PBXFileReference; lastKnownFileType = sourcecode.swift; path = ContentView.swift; sourceTree = "<group>"; };
		7F94EEC02B5E2AA300B880CD /* Assets.xcassets */ = {isa = PBXFileReference; lastKnownFileType = folder.assetcatalog; path = Assets.xcassets; sourceTree = "<group>"; };
		7F94EEC32B5E2AA300B880CD /* Preview Assets.xcassets */ = {isa = PBXFileReference; lastKnownFileType = folder.assetcatalog; path = "Preview Assets.xcassets"; sourceTree = "<group>"; };
		7F94EEC92B5E2AA300B880CD /* GettingTCATests.xctest */ = {isa = PBXFileReference; explicitFileType = wrapper.cfbundle; includeInIndex = 0; path = GettingTCATests.xctest; sourceTree = BUILT_PRODUCTS_DIR; };
		7F94EECD2B5E2AA300B880CD /* GettingTCATests.swift */ = {isa = PBXFileReference; lastKnownFileType = sourcecode.swift; path = GettingTCATests.swift; sourceTree = "<group>"; };
		7F94EED32B5E2AA300B880CD /* GettingTCAUITests.xctest */ = {isa = PBXFileReference; explicitFileType = wrapper.cfbundle; includeInIndex = 0; path = GettingTCAUITests.xctest; sourceTree = BUILT_PRODUCTS_DIR; };
		7F94EED72B5E2AA300B880CD /* GettingTCAUITests.swift */ = {isa = PBXFileReference; lastKnownFileType = sourcecode.swift; path = GettingTCAUITests.swift; sourceTree = "<group>"; };
		7F94EED92B5E2AA300B880CD /* GettingTCAUITestsLaunchTests.swift */ = {isa = PBXFileReference; lastKnownFileType = sourcecode.swift; path = GettingTCAUITestsLaunchTests.swift; sourceTree = "<group>"; };
/* End PBXFileReference section */

/* Begin PBXFrameworksBuildPhase section */
		7F94EEB62B5E2AA200B880CD /* Frameworks */ = {
			isa = PBXFrameworksBuildPhase;
			buildActionMask = 2147483647;
			files = (
			);
			runOnlyForDeploymentPostprocessing = 0;
		};
		7F94EEC62B5E2AA300B880CD /* Frameworks */ = {
			isa = PBXFrameworksBuildPhase;
			buildActionMask = 2147483647;
			files = (
			);
			runOnlyForDeploymentPostprocessing = 0;
		};
		7F94EED02B5E2AA300B880CD /* Frameworks */ = {
			isa = PBXFrameworksBuildPhase;
			buildActionMask = 2147483647;
			files = (
			);
			runOnlyForDeploymentPostprocessing = 0;
		};
/* End PBXFrameworksBuildPhase section */

/* Begin PBXGroup section */
		7F94EEB02B5E2AA200B880CD = {
			isa = PBXGroup;
			children = (
				7F94EEBB2B5E2AA200B880CD /* GettingTCA */,
				7F94EECC2B5E2AA300B880CD /* GettingTCATests */,
				7F94EED62B5E2AA300B880CD /* GettingTCAUITests */,
				7F94EEBA2B5E2AA200B880CD /* Products */,
			);
			sourceTree = "<group>";
		};
		7F94EEBA2B5E2AA200B880CD /* Products */ = {
			isa = PBXGroup;
			children = (
				7F94EEB92B5E2AA200B880CD /* GettingTCA.app */,
				7F94EEC92B5E2AA300B880CD /* GettingTCATests.xctest */,
				7F94EED32B5E2AA300B880CD /* GettingTCAUITests.xctest */,
			);
			name = Products;
			sourceTree = "<group>";
		};
		7F94EEBB2B5E2AA200B880CD /* GettingTCA */ = {
			isa = PBXGroup;
			children = (
				7F94EEBC2B5E2AA200B880CD /* GettingTCAApp.swift */,
				7F94EEBE2B5E2AA200B880CD /* ContentView.swift */,
				7F94EEC02B5E2AA300B880CD /* Assets.xcassets */,
				7F94EEC22B5E2AA300B880CD /* Preview Content */,
			);
			path = GettingTCA;
			sourceTree = "<group>";
		};
		7F94EEC22B5E2AA300B880CD /* Preview Content */ = {
			isa = PBXGroup;
			children = (
				7F94EEC32B5E2AA300B880CD /* Preview Assets.xcassets */,
			);
			path = "Preview Content";
			sourceTree = "<group>";
		};
		7F94EECC2B5E2AA300B880CD /* GettingTCATests */ = {
			isa = PBXGroup;
			children = (
				7F94EECD2B5E2AA300B880CD /* GettingTCATests.swift */,
			);
			path = GettingTCATests;
			sourceTree = "<group>";
		};
		7F94EED62B5E2AA300B880CD /* GettingTCAUITests */ = {
			isa = PBXGroup;
			children = (
				7F94EED72B5E2AA300B880CD /* GettingTCAUITests.swift */,
				7F94EED92B5E2AA300B880CD /* GettingTCAUITestsLaunchTests.swift */,
			);
			path = GettingTCAUITests;
			sourceTree = "<group>";
		};
/* End PBXGroup section */

/* Begin PBXNativeTarget section */
		7F94EEB82B5E2AA200B880CD /* GettingTCA */ = {
			isa = PBXNativeTarget;
			buildConfigurationList = 7F94EEDD2B5E2AA300B880CD /* Build configuration list for PBXNativeTarget "GettingTCA" */;
			buildPhases = (
				7F94EEB52B5E2AA200B880CD /* Sources */,
				7F94EEB62B5E2AA200B880CD /* Frameworks */,
				7F94EEB72B5E2AA200B880CD /* Resources */,
			);
			buildRules = (
			);
			dependencies = (
			);
			name = GettingTCA;
			productName = GettingTCA;
			productReference = 7F94EEB92B5E2AA200B880CD /* GettingTCA.app */;
			productType = "com.apple.product-type.application";
		};
		7F94EEC82B5E2AA300B880CD /* GettingTCATests */ = {
			isa = PBXNativeTarget;
			buildConfigurationList = 7F94EEE02B5E2AA300B880CD /* Build configuration list for PBXNativeTarget "GettingTCATests" */;
			buildPhases = (
				7F94EEC52B5E2AA300B880CD /* Sources */,
				7F94EEC62B5E2AA300B880CD /* Frameworks */,
				7F94EEC72B5E2AA300B880CD /* Resources */,
			);
			buildRules = (
			);
			dependencies = (
				7F94EECB2B5E2AA300B880CD /* PBXTargetDependency */,
			);
			name = GettingTCATests;
			productName = GettingTCATests;
			productReference = 7F94EEC92B5E2AA300B880CD /* GettingTCATests.xctest */;
			productType = "com.apple.product-type.bundle.unit-test";
		};
		7F94EED22B5E2AA300B880CD /* GettingTCAUITests */ = {
			isa = PBXNativeTarget;
			buildConfigurationList = 7F94EEE32B5E2AA300B880CD /* Build configuration list for PBXNativeTarget "GettingTCAUITests" */;
			buildPhases = (
				7F94EECF2B5E2AA300B880CD /* Sources */,
				7F94EED02B5E2AA300B880CD /* Frameworks */,
				7F94EED12B5E2AA300B880CD /* Resources */,
			);
			buildRules = (
			);
			dependencies = (
				7F94EED52B5E2AA300B880CD /* PBXTargetDependency */,
			);
			name = GettingTCAUITests;
			productName = GettingTCAUITests;
			productReference = 7F94EED32B5E2AA300B880CD /* GettingTCAUITests.xctest */;
			productType = "com.apple.product-type.bundle.ui-testing";
		};
/* End PBXNativeTarget section */

/* Begin PBXProject section */
		7F94EEB12B5E2AA200B880CD /* Project object */ = {
			isa = PBXProject;
			attributes = {
				BuildIndependentTargetsInParallel = 1;
				LastSwiftUpdateCheck = 1510;
				LastUpgradeCheck = 1510;
				TargetAttributes = {
					7F94EEB82B5E2AA200B880CD = {
						CreatedOnToolsVersion = 15.1;
					};
					7F94EEC82B5E2AA300B880CD = {
						CreatedOnToolsVersion = 15.1;
						TestTargetID = 7F94EEB82B5E2AA200B880CD;
					};
					7F94EED22B5E2AA300B880CD = {
						CreatedOnToolsVersion = 15.1;
						TestTargetID = 7F94EEB82B5E2AA200B880CD;
					};
				};
			};
			buildConfigurationList = 7F94EEB42B5E2AA200B880CD /* Build configuration list for PBXProject "GettingTCA" */;
			compatibilityVersion = "Xcode 14.0";
			developmentRegion = en;
			hasScannedForEncodings = 0;
			knownRegions = (
				en,
				Base,
			);
			mainGroup = 7F94EEB02B5E2AA200B880CD;
			productRefGroup = 7F94EEBA2B5E2AA200B880CD /* Products */;
			projectDirPath = "";
			projectRoot = "";
			targets = (
				7F94EEB82B5E2AA200B880CD /* GettingTCA */,
				7F94EEC82B5E2AA300B880CD /* GettingTCATests */,
				7F94EED22B5E2AA300B880CD /* GettingTCAUITests */,
			);
		};
/* End PBXProject section */

/* Begin PBXResourcesBuildPhase section */
		7F94EEB72B5E2AA200B880CD /* Resources */ = {
			isa = PBXResourcesBuildPhase;
			buildActionMask = 2147483647;
			files = (
				7F94EEC42B5E2AA300B880CD /* Preview Assets.xcassets in Resources */,
				7F94EEC12B5E2AA300B880CD /* Assets.xcassets in Resources */,
			);
			runOnlyForDeploymentPostprocessing = 0;
		};
		7F94EEC72B5E2AA300B880CD /* Resources */ = {
			isa = PBXResourcesBuildPhase;
			buildActionMask = 2147483647;
			files = (
			);
			runOnlyForDeploymentPostprocessing = 0;
		};
		7F94EED12B5E2AA300B880CD /* Resources */ = {
			isa = PBXResourcesBuildPhase;
			buildActionMask = 2147483647;
			files = (
			);
			runOnlyForDeploymentPostprocessing = 0;
		};
/* End PBXResourcesBuildPhase section */

/* Begin PBXSourcesBuildPhase section */
		7F94EEB52B5E2AA200B880CD /* Sources */ = {
			isa = PBXSourcesBuildPhase;
			buildActionMask = 2147483647;
			files = (
				7F94EEBF2B5E2AA200B880CD /* ContentView.swift in Sources */,
				7F94EEBD2B5E2AA200B880CD /* GettingTCAApp.swift in Sources */,
			);
			runOnlyForDeploymentPostprocessing = 0;
		};
		7F94EEC52B5E2AA300B880CD /* Sources */ = {
			isa = PBXSourcesBuildPhase;
			buildActionMask = 2147483647;
			files = (
				7F94EECE2B5E2AA300B880CD /* GettingTCATests.swift in Sources */,
			);
			runOnlyForDeploymentPostprocessing = 0;
		};
		7F94EECF2B5E2AA300B880CD /* Sources */ = {
			isa = PBXSourcesBuildPhase;
			buildActionMask = 2147483647;
			files = (
				7F94EEDA2B5E2AA300B880CD /* GettingTCAUITestsLaunchTests.swift in Sources */,
				7F94EED82B5E2AA300B880CD /* GettingTCAUITests.swift in Sources */,
			);
			runOnlyForDeploymentPostprocessing = 0;
		};
/* End PBXSourcesBuildPhase section */

/* Begin PBXTargetDependency section */
		7F94EECB2B5E2AA300B880CD /* PBXTargetDependency */ = {
			isa = PBXTargetDependency;
			target = 7F94EEB82B5E2AA200B880CD /* GettingTCA */;
			targetProxy = 7F94EECA2B5E2AA300B880CD /* PBXContainerItemProxy */;
		};
		7F94EED52B5E2AA300B880CD /* PBXTargetDependency */ = {
			isa = PBXTargetDependency;
			target = 7F94EEB82B5E2AA200B880CD /* GettingTCA */;
			targetProxy = 7F94EED42B5E2AA300B880CD /* PBXContainerItemProxy */;
		};
/* End PBXTargetDependency section */

/* Begin XCBuildConfiguration section */
		7F94EEDB2B5E2AA300B880CD /* Debug */ = {
			isa = XCBuildConfiguration;
			buildSettings = {
				ALWAYS_SEARCH_USER_PATHS = NO;
				ASSETCATALOG_COMPILER_GENERATE_SWIFT_ASSET_SYMBOL_EXTENSIONS = YES;
				CLANG_ANALYZER_NONNULL = YES;
				CLANG_ANALYZER_NUMBER_OBJECT_CONVERSION = YES_AGGRESSIVE;
				CLANG_CXX_LANGUAGE_STANDARD = "gnu++20";
				CLANG_ENABLE_MODULES = YES;
				CLANG_ENABLE_OBJC_ARC = YES;
				CLANG_ENABLE_OBJC_WEAK = YES;
				CLANG_WARN_BLOCK_CAPTURE_AUTORELEASING = YES;
				CLANG_WARN_BOOL_CONVERSION = YES;
				CLANG_WARN_COMMA = YES;
				CLANG_WARN_CONSTANT_CONVERSION = YES;
				CLANG_WARN_DEPRECATED_OBJC_IMPLEMENTATIONS = YES;
				CLANG_WARN_DIRECT_OBJC_ISA_USAGE = YES_ERROR;
				CLANG_WARN_DOCUMENTATION_COMMENTS = YES;
				CLANG_WARN_EMPTY_BODY = YES;
				CLANG_WARN_ENUM_CONVERSION = YES;
				CLANG_WARN_INFINITE_RECURSION = YES;
				CLANG_WARN_INT_CONVERSION = YES;
				CLANG_WARN_NON_LITERAL_NULL_CONVERSION = YES;
				CLANG_WARN_OBJC_IMPLICIT_RETAIN_SELF = YES;
				CLANG_WARN_OBJC_LITERAL_CONVERSION = YES;
				CLANG_WARN_OBJC_ROOT_CLASS = YES_ERROR;
				CLANG_WARN_QUOTED_INCLUDE_IN_FRAMEWORK_HEADER = YES;
				CLANG_WARN_RANGE_LOOP_ANALYSIS = YES;
				CLANG_WARN_STRICT_PROTOTYPES = YES;
				CLANG_WARN_SUSPICIOUS_MOVE = YES;
				CLANG_WARN_UNGUARDED_AVAILABILITY = YES_AGGRESSIVE;
				CLANG_WARN_UNREACHABLE_CODE = YES;
				CLANG_WARN__DUPLICATE_METHOD_MATCH = YES;
				COPY_PHASE_STRIP = NO;
				DEBUG_INFORMATION_FORMAT = dwarf;
				ENABLE_STRICT_OBJC_MSGSEND = YES;
				ENABLE_TESTABILITY = YES;
				ENABLE_USER_SCRIPT_SANDBOXING = YES;
				GCC_C_LANGUAGE_STANDARD = gnu17;
				GCC_DYNAMIC_NO_PIC = NO;
				GCC_NO_COMMON_BLOCKS = YES;
				GCC_OPTIMIZATION_LEVEL = 0;
				GCC_PREPROCESSOR_DEFINITIONS = (
					"DEBUG=1",
					"$(inherited)",
				);
				GCC_WARN_64_TO_32_BIT_CONVERSION = YES;
				GCC_WARN_ABOUT_RETURN_TYPE = YES_ERROR;
				GCC_WARN_UNDECLARED_SELECTOR = YES;
				GCC_WARN_UNINITIALIZED_AUTOS = YES_AGGRESSIVE;
				GCC_WARN_UNUSED_FUNCTION = YES;
				GCC_WARN_UNUSED_VARIABLE = YES;
				IPHONEOS_DEPLOYMENT_TARGET = 17.2;
				LOCALIZATION_PREFERS_STRING_CATALOGS = YES;
				MTL_ENABLE_DEBUG_INFO = INCLUDE_SOURCE;
				MTL_FAST_MATH = YES;
				ONLY_ACTIVE_ARCH = YES;
				SDKROOT = iphoneos;
				SWIFT_ACTIVE_COMPILATION_CONDITIONS = "DEBUG $(inherited)";
				SWIFT_OPTIMIZATION_LEVEL = "-Onone";
			};
			name = Debug;
		};
		7F94EEDC2B5E2AA300B880CD /* Release */ = {
			isa = XCBuildConfiguration;
			buildSettings = {
				ALWAYS_SEARCH_USER_PATHS = NO;
				ASSETCATALOG_COMPILER_GENERATE_SWIFT_ASSET_SYMBOL_EXTENSIONS = YES;
				CLANG_ANALYZER_NONNULL = YES;
				CLANG_ANALYZER_NUMBER_OBJECT_CONVERSION = YES_AGGRESSIVE;
				CLANG_CXX_LANGUAGE_STANDARD = "gnu++20";
				CLANG_ENABLE_MODULES = YES;
				CLANG_ENABLE_OBJC_ARC = YES;
				CLANG_ENABLE_OBJC_WEAK = YES;
				CLANG_WARN_BLOCK_CAPTURE_AUTORELEASING = YES;
				CLANG_WARN_BOOL_CONVERSION = YES;
				CLANG_WARN_COMMA = YES;
				CLANG_WARN_CONSTANT_CONVERSION = YES;
				CLANG_WARN_DEPRECATED_OBJC_IMPLEMENTATIONS = YES;
				CLANG_WARN_DIRECT_OBJC_ISA_USAGE = YES_ERROR;
				CLANG_WARN_DOCUMENTATION_COMMENTS = YES;
				CLANG_WARN_EMPTY_BODY = YES;
				CLANG_WARN_ENUM_CONVERSION = YES;
				CLANG_WARN_INFINITE_RECURSION = YES;
				CLANG_WARN_INT_CONVERSION = YES;
				CLANG_WARN_NON_LITERAL_NULL_CONVERSION = YES;
				CLANG_WARN_OBJC_IMPLICIT_RETAIN_SELF = YES;
				CLANG_WARN_OBJC_LITERAL_CONVERSION = YES;
				CLANG_WARN_OBJC_ROOT_CLASS = YES_ERROR;
				CLANG_WARN_QUOTED_INCLUDE_IN_FRAMEWORK_HEADER = YES;
				CLANG_WARN_RANGE_LOOP_ANALYSIS = YES;
				CLANG_WARN_STRICT_PROTOTYPES = YES;
				CLANG_WARN_SUSPICIOUS_MOVE = YES;
				CLANG_WARN_UNGUARDED_AVAILABILITY = YES_AGGRESSIVE;
				CLANG_WARN_UNREACHABLE_CODE = YES;
				CLANG_WARN__DUPLICATE_METHOD_MATCH = YES;
				COPY_PHASE_STRIP = NO;
				DEBUG_INFORMATION_FORMAT = "dwarf-with-dsym";
				ENABLE_NS_ASSERTIONS = NO;
				ENABLE_STRICT_OBJC_MSGSEND = YES;
				ENABLE_USER_SCRIPT_SANDBOXING = YES;
				GCC_C_LANGUAGE_STANDARD = gnu17;
				GCC_NO_COMMON_BLOCKS = YES;
				GCC_WARN_64_TO_32_BIT_CONVERSION = YES;
				GCC_WARN_ABOUT_RETURN_TYPE = YES_ERROR;
				GCC_WARN_UNDECLARED_SELECTOR = YES;
				GCC_WARN_UNINITIALIZED_AUTOS = YES_AGGRESSIVE;
				GCC_WARN_UNUSED_FUNCTION = YES;
				GCC_WARN_UNUSED_VARIABLE = YES;
				IPHONEOS_DEPLOYMENT_TARGET = 17.2;
				LOCALIZATION_PREFERS_STRING_CATALOGS = YES;
				MTL_ENABLE_DEBUG_INFO = NO;
				MTL_FAST_MATH = YES;
				SDKROOT = iphoneos;
				SWIFT_COMPILATION_MODE = wholemodule;
				VALIDATE_PRODUCT = YES;
			};
			name = Release;
		};
		7F94EEDE2B5E2AA300B880CD /* Debug */ = {
			isa = XCBuildConfiguration;
			buildSettings = {
				ASSETCATALOG_COMPILER_APPICON_NAME = AppIcon;
				ASSETCATALOG_COMPILER_GLOBAL_ACCENT_COLOR_NAME = AccentColor;
				CODE_SIGN_STYLE = Automatic;
				CURRENT_PROJECT_VERSION = 1;
				DEVELOPMENT_ASSET_PATHS = "\"GettingTCA/Preview Content\"";
				ENABLE_PREVIEWS = YES;
				GENERATE_INFOPLIST_FILE = YES;
				INFOPLIST_KEY_UIApplicationSceneManifest_Generation = YES;
				INFOPLIST_KEY_UIApplicationSupportsIndirectInputEvents = YES;
				INFOPLIST_KEY_UILaunchScreen_Generation = YES;
				INFOPLIST_KEY_UISupportedInterfaceOrientations_iPad = "UIInterfaceOrientationPortrait UIInterfaceOrientationPortraitUpsideDown UIInterfaceOrientationLandscapeLeft UIInterfaceOrientationLandscapeRight";
				INFOPLIST_KEY_UISupportedInterfaceOrientations_iPhone = "UIInterfaceOrientationPortrait UIInterfaceOrientationLandscapeLeft UIInterfaceOrientationLandscapeRight";
				LD_RUNPATH_SEARCH_PATHS = (
					"$(inherited)",
					"@executable_path/Frameworks",
				);
				MARKETING_VERSION = 1.0;
				PRODUCT_BUNDLE_IDENTIFIER = com.company.GettingTCA;
				PRODUCT_NAME = "$(TARGET_NAME)";
				SWIFT_EMIT_LOC_STRINGS = YES;
				SWIFT_VERSION = 5.0;
				TARGETED_DEVICE_FAMILY = "1,2";
			};
			name = Debug;
		};
		7F94EEDF2B5E2AA300B880CD /* Release */ = {
			isa = XCBuildConfiguration;
			buildSettings = {
				ASSETCATALOG_COMPILER_APPICON_NAME = AppIcon;
				ASSETCATALOG_COMPILER_GLOBAL_ACCENT_COLOR_NAME = AccentColor;
				CODE_SIGN_STYLE = Automatic;
				CURRENT_PROJECT_VERSION = 1;
				DEVELOPMENT_ASSET_PATHS = "\"GettingTCA/Preview Content\"";
				ENABLE_PREVIEWS = YES;
				GENERATE_INFOPLIST_FILE = YES;
				INFOPLIST_KEY_UIApplicationSceneManifest_Generation = YES;
				INFOPLIST_KEY_UIApplicationSupportsIndirectInputEvents = YES;
				INFOPLIST_KEY_UILaunchScreen_Generation = YES;
				INFOPLIST_KEY_UISupportedInterfaceOrientations_iPad = "UIInterfaceOrientationPortrait UIInterfaceOrientationPortraitUpsideDown UIInterfaceOrientationLandscapeLeft UIInterfaceOrientationLandscapeRight";
				INFOPLIST_KEY_UISupportedInterfaceOrientations_iPhone = "UIInterfaceOrientationPortrait UIInterfaceOrientationLandscapeLeft UIInterfaceOrientationLandscapeRight";
				LD_RUNPATH_SEARCH_PATHS = (
					"$(inherited)",
					"@executable_path/Frameworks",
				);
				MARKETING_VERSION = 1.0;
				PRODUCT_BUNDLE_IDENTIFIER = com.company.GettingTCA;
				PRODUCT_NAME = "$(TARGET_NAME)";
				SWIFT_EMIT_LOC_STRINGS = YES;
				SWIFT_VERSION = 5.0;
				TARGETED_DEVICE_FAMILY = "1,2";
			};
			name = Release;
		};
		7F94EEE12B5E2AA300B880CD /* Debug */ = {
			isa = XCBuildConfiguration;
			buildSettings = {
				ALWAYS_EMBED_SWIFT_STANDARD_LIBRARIES = YES;
				BUNDLE_LOADER = "$(TEST_HOST)";
				CODE_SIGN_STYLE = Automatic;
				CURRENT_PROJECT_VERSION = 1;
				GENERATE_INFOPLIST_FILE = YES;
				IPHONEOS_DEPLOYMENT_TARGET = 17.2;
				MARKETING_VERSION = 1.0;
				PRODUCT_BUNDLE_IDENTIFIER = com.company.GettingTCATests;
				PRODUCT_NAME = "$(TARGET_NAME)";
				SWIFT_EMIT_LOC_STRINGS = NO;
				SWIFT_VERSION = 5.0;
				TARGETED_DEVICE_FAMILY = "1,2";
				TEST_HOST = "$(BUILT_PRODUCTS_DIR)/GettingTCA.app/$(BUNDLE_EXECUTABLE_FOLDER_PATH)/GettingTCA";
			};
			name = Debug;
		};
		7F94EEE22B5E2AA300B880CD /* Release */ = {
			isa = XCBuildConfiguration;
			buildSettings = {
				ALWAYS_EMBED_SWIFT_STANDARD_LIBRARIES = YES;
				BUNDLE_LOADER = "$(TEST_HOST)";
				CODE_SIGN_STYLE = Automatic;
				CURRENT_PROJECT_VERSION = 1;
				GENERATE_INFOPLIST_FILE = YES;
				IPHONEOS_DEPLOYMENT_TARGET = 17.2;
				MARKETING_VERSION = 1.0;
				PRODUCT_BUNDLE_IDENTIFIER = com.company.GettingTCATests;
				PRODUCT_NAME = "$(TARGET_NAME)";
				SWIFT_EMIT_LOC_STRINGS = NO;
				SWIFT_VERSION = 5.0;
				TARGETED_DEVICE_FAMILY = "1,2";
				TEST_HOST = "$(BUILT_PRODUCTS_DIR)/GettingTCA.app/$(BUNDLE_EXECUTABLE_FOLDER_PATH)/GettingTCA";
			};
			name = Release;
		};
		7F94EEE42B5E2AA300B880CD /* Debug */ = {
			isa = XCBuildConfiguration;
			buildSettings = {
				ALWAYS_EMBED_SWIFT_STANDARD_LIBRARIES = YES;
				CODE_SIGN_STYLE = Automatic;
				CURRENT_PROJECT_VERSION = 1;
				GENERATE_INFOPLIST_FILE = YES;
				MARKETING_VERSION = 1.0;
				PRODUCT_BUNDLE_IDENTIFIER = com.company.GettingTCAUITests;
				PRODUCT_NAME = "$(TARGET_NAME)";
				SWIFT_EMIT_LOC_STRINGS = NO;
				SWIFT_VERSION = 5.0;
				TARGETED_DEVICE_FAMILY = "1,2";
				TEST_TARGET_NAME = GettingTCA;
			};
			name = Debug;
		};
		7F94EEE52B5E2AA300B880CD /* Release */ = {
			isa = XCBuildConfiguration;
			buildSettings = {
				ALWAYS_EMBED_SWIFT_STANDARD_LIBRARIES = YES;
				CODE_SIGN_STYLE = Automatic;
				CURRENT_PROJECT_VERSION = 1;
				GENERATE_INFOPLIST_FILE = YES;
				MARKETING_VERSION = 1.0;
				PRODUCT_BUNDLE_IDENTIFIER = com.company.GettingTCAUITests;
				PRODUCT_NAME = "$(TARGET_NAME)";
				SWIFT_EMIT_LOC_STRINGS = NO;
				SWIFT_VERSION = 5.0;
				TARGETED_DEVICE_FAMILY = "1,2";
				TEST_TARGET_NAME = GettingTCA;
			};
			name = Release;
		};
/* End XCBuildConfiguration section */

/* Begin XCConfigurationList section */
		7F94EEB42B5E2AA200B880CD /* Build configuration list for PBXProject "GettingTCA" */ = {
			isa = XCConfigurationList;
			buildConfigurations = (
				7F94EEDB2B5E2AA300B880CD /* Debug */,
				7F94EEDC2B5E2AA300B880CD /* Release */,
			);
			defaultConfigurationIsVisible = 0;
			defaultConfigurationName = Release;
		};
		7F94EEDD2B5E2AA300B880CD /* Build configuration list for PBXNativeTarget "GettingTCA" */ = {
			isa = XCConfigurationList;
			buildConfigurations = (
				7F94EEDE2B5E2AA300B880CD /* Debug */,
				7F94EEDF2B5E2AA300B880CD /* Release */,
			);
			defaultConfigurationIsVisible = 0;
			defaultConfigurationName = Release;
		};
		7F94EEE02B5E2AA300B880CD /* Build configuration list for PBXNativeTarget "GettingTCATests" */ = {
			isa = XCConfigurationList;
			buildConfigurations = (
				7F94EEE12B5E2AA300B880CD /* Debug */,
				7F94EEE22B5E2AA300B880CD /* Release */,
			);
			defaultConfigurationIsVisible = 0;
			defaultConfigurationName = Release;
		};
		7F94EEE32B5E2AA300B880CD /* Build configuration list for PBXNativeTarget "GettingTCAUITests" */ = {
			isa = XCConfigurationList;
			buildConfigurations = (
				7F94EEE42B5E2AA300B880CD /* Debug */,
				7F94EEE52B5E2AA300B880CD /* Release */,
			);
			defaultConfigurationIsVisible = 0;
			defaultConfigurationName = Release;
		};
/* End XCConfigurationList section */
	};
	rootObject = 7F94EEB12B5E2AA200B880CD /* Project object */;
}
